
Microsoft Visual Studio Solution File, Format Version 12.00
# Visual Studio Version 17
VisualStudioVersion = 17.0.31903.59
MinimumVisualStudioVersion = 10.0.40219.1
Project("{FAE04EC0-301F-11D3-BF4B-00C04F79EFBC}") = "InventoryLibrary", "InventoryLibrary\InventoryLibrary.csproj", "{B59FAB55-6C8B-462C-8EEE-41EB71F05142}"
EndProject
Global
	GlobalSection(SolutionConfigurationPlatforms) = preSolution
		Debug|Any CPU = Debug|Any CPU
		Release|Any CPU = Release|Any CPU
	EndGlobalSection
	GlobalSection(SolutionProperties) = preSolution
		HideSolutionNode = FALSE
	EndGlobalSection
	GlobalSection(ProjectConfigurationPlatforms) = postSolution
		{B59FAB55-6C8B-462C-8EEE-41EB71F05142}.Debug|Any CPU.ActiveCfg = Debug|Any CPU
		{B59FAB55-6C8B-462C-8EEE-41EB71F05142}.Debug|Any CPU.Build.0 = Debug|Any CPU
		{B59FAB55-6C8B-462C-8EEE-41EB71F05142}.Release|Any CPU.ActiveCfg = Release|Any CPU
		{B59FAB55-6C8B-462C-8EEE-41EB71F05142}.Release|Any CPU.Build.0 = Release|Any CPU
		{1AAEDEF1-9C4A-466B-96B0-973207C5026A}.Debug|Any CPU.ActiveCfg = Debug|Any CPU
		{1AAEDEF1-9C4A-466B-96B0-973207C5026A}.Debug|Any CPU.Build.0 = Debug|Any CPU
		{1AAEDEF1-9C4A-466B-96B0-973207C5026A}.Release|Any CPU.ActiveCfg = Release|Any CPU
		{1AAEDEF1-9C4A-466B-96B0-973207C5026A}.Release|Any CPU.Build.0 = Release|Any CPU
		{0915AC92-CD61-44A1-A830-051E55BDCCAD}.Debug|Any CPU.ActiveCfg = Debug|Any CPU
		{0915AC92-CD61-44A1-A830-051E55BDCCAD}.Debug|Any CPU.Build.0 = Debug|Any CPU
		{0915AC92-CD61-44A1-A830-051E55BDCCAD}.Release|Any CPU.ActiveCfg = Release|Any CPU
		{0915AC92-CD61-44A1-A830-051E55BDCCAD}.Release|Any CPU.Build.0 = Release|Any CPU
		{630A00E1-156D-476E-8339-E9A938D5C8BF}.Debug|Any CPU.ActiveCfg = Debug|Any CPU
		{630A00E1-156D-476E-8339-E9A938D5C8BF}.Debug|Any CPU.Build.0 = Debug|Any CPU
		{630A00E1-156D-476E-8339-E9A938D5C8BF}.Release|Any CPU.ActiveCfg = Release|Any CPU
		{630A00E1-156D-476E-8339-E9A938D5C8BF}.Release|Any CPU.Build.0 = Release|Any CPU
		{52AE38C7-7897-4C14-A8BF-C50F83A9CB90}.Debug|Any CPU.ActiveCfg = Debug|Any CPU
		{52AE38C7-7897-4C14-A8BF-C50F83A9CB90}.Debug|Any CPU.Build.0 = Debug|Any CPU
		{52AE38C7-7897-4C14-A8BF-C50F83A9CB90}.Release|Any CPU.ActiveCfg = Release|Any CPU
		{52AE38C7-7897-4C14-A8BF-C50F83A9CB90}.Release|Any CPU.Build.0 = Release|Any CPU
	EndGlobalSection
EndGlobal
